
Microsoft Visual Studio Solution File, Format Version 12.00
# Visual Studio 15
Project("{FAE04EC0-301F-11D3-BF4B-00C04F79EFBC}") = "Zenject", "Zenject.csproj", "{18846DD3-E7BE-2CEE-B7FB-DAD2EE66211A}"
EndProject
Project("{FAE04EC0-301F-11D3-BF4B-00C04F79EFBC}") = "Zenject-UnitTests-Editor", "Zenject-UnitTests-Editor.csproj", "{946846C8-C5DF-D390-A0F5-D9A996D7B062}"
EndProject
Project("{FAE04EC0-301F-11D3-BF4B-00C04F79EFBC}") = "Zenject-IntegrationTests", "Zenject-IntegrationTests.csproj", "{2B40CE58-A423-8610-256F-7F2E323E069B}"
EndProject
Project("{FAE04EC0-301F-11D3-BF4B-00C04F79EFBC}") = "Zenject-IntegrationTests-Editor", "Zenject-IntegrationTests-Editor.csproj", "{1586798A-8590-9F9C-FA5D-B9B328882DDA}"
EndProject
Project("{FAE04EC0-301F-11D3-BF4B-00C04F79EFBC}") = "Assembly-CSharp", "Assembly-CSharp.csproj", "{4DDBF2BD-A1D5-E2C1-5381-6F93826E93C3}"
EndProject
Project("{FAE04EC0-301F-11D3-BF4B-00C04F79EFBC}") = "Zenject-ReflectionBaking-Editor", "Zenject-ReflectionBaking-Editor.csproj", "{E76A6043-CCF8-69A4-2C38-9C87430FD7D7}"
EndProject
Project("{FAE04EC0-301F-11D3-BF4B-00C04F79EFBC}") = "Zenject-Editor", "Zenject-Editor.csproj", "{B48B3F7E-4396-AE24-551B-B4DB5D4B1AE5}"
EndProject
Project("{FAE04EC0-301F-11D3-BF4B-00C04F79EFBC}") = "Zenject-TestFramework", "Zenject-TestFramework.csproj", "{D14DEBEC-6D0D-E2A0-D918-0A5A2FB23356}"
EndProject
Project("{FAE04EC0-301F-11D3-BF4B-00C04F79EFBC}") = "Assembly-CSharp-Editor", "Assembly-CSharp-Editor.csproj", "{F70B4860-57ED-2FBB-6280-53611671F3AF}"
EndProject
Project("{FAE04EC0-301F-11D3-BF4B-00C04F79EFBC}") = "Zenject-PoolMonitor-Editor", "Zenject-PoolMonitor-Editor.csproj", "{38D0AC4C-81B9-51DB-8E94-69553820FCB2}"
EndProject
Global
	GlobalSection(SolutionConfigurationPlatforms) = preSolution
		Debug|Any CPU = Debug|Any CPU
		Release|Any CPU = Release|Any CPU
	EndGlobalSection
	GlobalSection(ProjectConfigurationPlatforms) = postSolution
		{18846DD3-E7BE-2CEE-B7FB-DAD2EE66211A}.Debug|Any CPU.ActiveCfg = Debug|Any CPU
		{18846DD3-E7BE-2CEE-B7FB-DAD2EE66211A}.Debug|Any CPU.Build.0 = Debug|Any CPU
		{18846DD3-E7BE-2CEE-B7FB-DAD2EE66211A}.Release|Any CPU.ActiveCfg = Release|Any CPU
		{18846DD3-E7BE-2CEE-B7FB-DAD2EE66211A}.Release|Any CPU.Build.0 = Release|Any CPU
		{946846C8-C5DF-D390-A0F5-D9A996D7B062}.Debug|Any CPU.ActiveCfg = Debug|Any CPU
		{946846C8-C5DF-D390-A0F5-D9A996D7B062}.Debug|Any CPU.Build.0 = Debug|Any CPU
		{946846C8-C5DF-D390-A0F5-D9A996D7B062}.Release|Any CPU.ActiveCfg = Release|Any CPU
		{946846C8-C5DF-D390-A0F5-D9A996D7B062}.Release|Any CPU.Build.0 = Release|Any CPU
		{2B40CE58-A423-8610-256F-7F2E323E069B}.Debug|Any CPU.ActiveCfg = Debug|Any CPU
		{2B40CE58-A423-8610-256F-7F2E323E069B}.Debug|Any CPU.Build.0 = Debug|Any CPU
		{2B40CE58-A423-8610-256F-7F2E323E069B}.Release|Any CPU.ActiveCfg = Release|Any CPU
		{2B40CE58-A423-8610-256F-7F2E323E069B}.Release|Any CPU.Build.0 = Release|Any CPU
		{1586798A-8590-9F9C-FA5D-B9B328882DDA}.Debug|Any CPU.ActiveCfg = Debug|Any CPU
		{1586798A-8590-9F9C-FA5D-B9B328882DDA}.Debug|Any CPU.Build.0 = Debug|Any CPU
		{1586798A-8590-9F9C-FA5D-B9B328882DDA}.Release|Any CPU.ActiveCfg = Release|Any CPU
		{1586798A-8590-9F9C-FA5D-B9B328882DDA}.Release|Any CPU.Build.0 = Release|Any CPU
		{4DDBF2BD-A1D5-E2C1-5381-6F93826E93C3}.Debug|Any CPU.ActiveCfg = Debug|Any CPU
		{4DDBF2BD-A1D5-E2C1-5381-6F93826E93C3}.Debug|Any CPU.Build.0 = Debug|Any CPU
		{4DDBF2BD-A1D5-E2C1-5381-6F93826E93C3}.Release|Any CPU.ActiveCfg = Release|Any CPU
		{4DDBF2BD-A1D5-E2C1-5381-6F93826E93C3}.Release|Any CPU.Build.0 = Release|Any CPU
		{E76A6043-CCF8-69A4-2C38-9C87430FD7D7}.Debug|Any CPU.ActiveCfg = Debug|Any CPU
		{E76A6043-CCF8-69A4-2C38-9C87430FD7D7}.Debug|Any CPU.Build.0 = Debug|Any CPU
		{E76A6043-CCF8-69A4-2C38-9C87430FD7D7}.Release|Any CPU.ActiveCfg = Release|Any CPU
		{E76A6043-CCF8-69A4-2C38-9C87430FD7D7}.Release|Any CPU.Build.0 = Release|Any CPU
		{B48B3F7E-4396-AE24-551B-B4DB5D4B1AE5}.Debug|Any CPU.ActiveCfg = Debug|Any CPU
		{B48B3F7E-4396-AE24-551B-B4DB5D4B1AE5}.Debug|Any CPU.Build.0 = Debug|Any CPU
		{B48B3F7E-4396-AE24-551B-B4DB5D4B1AE5}.Release|Any CPU.ActiveCfg = Release|Any CPU
		{B48B3F7E-4396-AE24-551B-B4DB5D4B1AE5}.Release|Any CPU.Build.0 = Release|Any CPU
		{D14DEBEC-6D0D-E2A0-D918-0A5A2FB23356}.Debug|Any CPU.ActiveCfg = Debug|Any CPU
		{D14DEBEC-6D0D-E2A0-D918-0A5A2FB23356}.Debug|Any CPU.Build.0 = Debug|Any CPU
		{D14DEBEC-6D0D-E2A0-D918-0A5A2FB23356}.Release|Any CPU.ActiveCfg = Release|Any CPU
		{D14DEBEC-6D0D-E2A0-D918-0A5A2FB23356}.Release|Any CPU.Build.0 = Release|Any CPU
		{F70B4860-57ED-2FBB-6280-53611671F3AF}.Debug|Any CPU.ActiveCfg = Debug|Any CPU
		{F70B4860-57ED-2FBB-6280-53611671F3AF}.Debug|Any CPU.Build.0 = Debug|Any CPU
		{F70B4860-57ED-2FBB-6280-53611671F3AF}.Release|Any CPU.ActiveCfg = Release|Any CPU
		{F70B4860-57ED-2FBB-6280-53611671F3AF}.Release|Any CPU.Build.0 = Release|Any CPU
		{38D0AC4C-81B9-51DB-8E94-69553820FCB2}.Debug|Any CPU.ActiveCfg = Debug|Any CPU
		{38D0AC4C-81B9-51DB-8E94-69553820FCB2}.Debug|Any CPU.Build.0 = Debug|Any CPU
		{38D0AC4C-81B9-51DB-8E94-69553820FCB2}.Release|Any CPU.ActiveCfg = Release|Any CPU
		{38D0AC4C-81B9-51DB-8E94-69553820FCB2}.Release|Any CPU.Build.0 = Release|Any CPU
	EndGlobalSection
	GlobalSection(SolutionProperties) = preSolution
		HideSolutionNode = FALSE
	EndGlobalSection
EndGlobal
